
Microsoft Visual Studio Solution File, Format Version 12.00
# Visual Studio Version 17
VisualStudioVersion = 17.9.34723.18
MinimumVisualStudioVersion = 10.0.40219.1
Project("{8BC9CEB8-8B4A-11D0-8D11-00A0C91BC942}") = "ConsoleApplication1", "ConsoleApplication1\ConsoleApplication1.vcxproj", "{9FD8252B-8B0D-4B65-B932-B72CD420FD54}"
EndProject
Global
	GlobalSection(SolutionConfigurationPlatforms) = preSolution
		Debug|x64 = Debug|x64
		Debug|x86 = Debug|x86
		Release|x64 = Release|x64
		Release|x86 = Release|x86
	EndGlobalSection
	GlobalSection(ProjectConfigurationPlatforms) = postSolution
		{9FD8252B-8B0D-4B65-B932-B72CD420FD54}.Debug|x64.ActiveCfg = Debug|x64
		{9FD8252B-8B0D-4B65-B932-B72CD420FD54}.Debug|x64.Build.0 = Debug|x64
		{9FD8252B-8B0D-4B65-B932-B72CD420FD54}.Debug|x86.ActiveCfg = Debug|Win32
		{9FD8252B-8B0D-4B65-B932-B72CD420FD54}.Debug|x86.Build.0 = Debug|Win32
		{9FD8252B-8B0D-4B65-B932-B72CD420FD54}.Release|x64.ActiveCfg = Release|x64
		{9FD8252B-8B0D-4B65-B932-B72CD420FD54}.Release|x64.Build.0 = Release|x64
		{9FD8252B-8B0D-4B65-B932-B72CD420FD54}.Release|x86.ActiveCfg = Release|Win32
		{9FD8252B-8B0D-4B65-B932-B72CD420FD54}.Release|x86.Build.0 = Release|Win32
	EndGlobalSection
	GlobalSection(SolutionProperties) = preSolution
		HideSolutionNode = FALSE
	EndGlobalSection
	GlobalSection(ExtensibilityGlobals) = postSolution
		SolutionGuid = {6709A1C2-DC5C-4227-81DA-DEA80018A91F}
	EndGlobalSection
EndGlobal
